
Microsoft Visual Studio Solution File, Format Version 12.00
# Visual Studio Version 17
VisualStudioVersion = 17.14.36414.22 d17.14
MinimumVisualStudioVersion = 10.0.40219.1
Project("{FAE04EC0-301F-11D3-BF4B-00C04F79EFBC}") = "MauiApp1", "MauiApp1.csproj", "{C0884084-89A2-49F0-BA1B-9032B46A20FC}"
EndProject
Global
	GlobalSection(SolutionConfigurationPlatforms) = preSolution
		Debug|Any CPU = Debug|Any CPU
		Release|Any CPU = Release|Any CPU
	EndGlobalSection
	GlobalSection(ProjectConfigurationPlatforms) = postSolution
		{C0884084-89A2-49F0-BA1B-9032B46A20FC}.Debug|Any CPU.ActiveCfg = Debug|Any CPU
		{C0884084-89A2-49F0-BA1B-9032B46A20FC}.Debug|Any CPU.Build.0 = Debug|Any CPU
		{C0884084-89A2-49F0-BA1B-9032B46A20FC}.Release|Any CPU.ActiveCfg = Release|Any CPU
		{C0884084-89A2-49F0-BA1B-9032B46A20FC}.Release|Any CPU.Build.0 = Release|Any CPU
	EndGlobalSection
	GlobalSection(SolutionProperties) = preSolution
		HideSolutionNode = FALSE
	EndGlobalSection
	GlobalSection(ExtensibilityGlobals) = postSolution
		SolutionGuid = {51AE310B-F2A4-4CA8-83B3-B59A7A07E3AC}
	EndGlobalSection
EndGlobal
